// !$*UTF8*$!
{
	archiveVersion = 1;
	classes = {
	};
	objectVersion = 46;
	objects = {

/* Begin PBXBuildFile section */
		DFC990F51DCE0F6D00D93831 /* ScreenSaveView.h in Headers */ = {isa = PBXBuildFile; fileRef = DFC990F41DCE0F6D00D93831 /* ScreenSaveView.h */; };
		DFC990F71DCE0F6D00D93831 /* ScreenSaveView.m in Sources */ = {isa = PBXBuildFile; fileRef = DFC990F61DCE0F6D00D93831 /* ScreenSaveView.m */; };
/* End PBXBuildFile section */

/* Begin PBXFileReference section */
		DFC990F11DCE0F6D00D93831 /* ScreenSave.saver */ = {isa = PBXFileReference; explicitFileType = wrapper.cfbundle; includeInIndex = 0; path = ScreenSave.saver; sourceTree = BUILT_PRODUCTS_DIR; };
		DFC990F41DCE0F6D00D93831 /* ScreenSaveView.h */ = {isa = PBXFileReference; lastKnownFileType = sourcecode.c.h; path = ScreenSaveView.h; sourceTree = "<group>"; };
		DFC990F61DCE0F6D00D93831 /* ScreenSaveView.m */ = {isa = PBXFileReference; lastKnownFileType = sourcecode.c.objc; path = ScreenSaveView.m; sourceTree = "<group>"; };
		DFC990F81DCE0F6D00D93831 /* Info.plist */ = {isa = PBXFileReference; lastKnownFileType = text.plist.xml; path = Info.plist; sourceTree = "<group>"; };
/* End PBXFileReference section */

/* Begin PBXFrameworksBuildPhase section */
		DFC990ED1DCE0F6D00D93831 /* Frameworks */ = {
			isa = PBXFrameworksBuildPhase;
			buildActionMask = 2147483647;
			files = (
			);
			runOnlyForDeploymentPostprocessing = 0;
		};
/* End PBXFrameworksBuildPhase section */

/* Begin PBXGroup section */
		DFC990E71DCE0F6D00D93831 = {
			isa = PBXGroup;
			children = (
				DFC990F31DCE0F6D00D93831 /* ScreenSave */,
				DFC990F21DCE0F6D00D93831 /* Products */,
			);
			sourceTree = "<group>";
		};
		DFC990F21DCE0F6D00D93831 /* Products */ = {
			isa = PBXGroup;
			children = (
				DFC990F11DCE0F6D00D93831 /* ScreenSave.saver */,
			);
			name = Products;
			sourceTree = "<group>";
		};
		DFC990F31DCE0F6D00D93831 /* ScreenSave */ = {
			isa = PBXGroup;
			children = (
				DFC990F41DCE0F6D00D93831 /* ScreenSaveView.h */,
				DFC990F61DCE0F6D00D93831 /* ScreenSaveView.m */,
				DFC990F81DCE0F6D00D93831 /* Info.plist */,
			);
			path = ScreenSave;
			sourceTree = "<group>";
		};
/* End PBXGroup section */

/* Begin PBXHeadersBuildPhase section */
		DFC990EE1DCE0F6D00D93831 /* Headers */ = {
			isa = PBXHeadersBuildPhase;
			buildActionMask = 2147483647;
			files = (
				DFC990F51DCE0F6D00D93831 /* ScreenSaveView.h in Headers */,
			);
			runOnlyForDeploymentPostprocessing = 0;
		};
/* End PBXHeadersBuildPhase section */

/* Begin PBXNativeTarget section */
		DFC990F01DCE0F6D00D93831 /* ScreenSave */ = {
			isa = PBXNativeTarget;
			buildConfigurationList = DFC990FB1DCE0F6D00D93831 /* Build configuration list for PBXNativeTarget "ScreenSave" */;
			buildPhases = (
				DFC990EC1DCE0F6D00D93831 /* Sources */,
				DFC990ED1DCE0F6D00D93831 /* Frameworks */,
				DFC990EE1DCE0F6D00D93831 /* Headers */,
				DFC990EF1DCE0F6D00D93831 /* Resources */,
			);
			buildRules = (
			);
			dependencies = (
			);
			name = ScreenSave;
			productName = ScreenSave;
			productReference = DFC990F11DCE0F6D00D93831 /* ScreenSave.saver */;
			productType = "com.apple.product-type.bundle";
		};
/* End PBXNativeTarget section */

/* Begin PBXProject section */
		DFC990E81DCE0F6D00D93831 /* Project object */ = {
			isa = PBXProject;
			attributes = {
				LastUpgradeCheck = 0800;
				ORGANIZATIONNAME = "Grace BOUKOU";
				TargetAttributes = {
					DFC990F01DCE0F6D00D93831 = {
						CreatedOnToolsVersion = 8.0;
						ProvisioningStyle = Automatic;
					};
				};
			};
			buildConfigurationList = DFC990EB1DCE0F6D00D93831 /* Build configuration list for PBXProject "ScreenSave" */;
			compatibilityVersion = "Xcode 3.2";
			developmentRegion = English;
			hasScannedForEncodings = 0;
			knownRegions = (
				en,
			);
			mainGroup = DFC990E71DCE0F6D00D93831;
			productRefGroup = DFC990F21DCE0F6D00D93831 /* Products */;
			projectDirPath = "";
			projectRoot = "";
			targets = (
				DFC990F01DCE0F6D00D93831 /* ScreenSave */,
			);
		};
/* End PBXProject section */

/* Begin PBXResourcesBuildPhase section */
		DFC990EF1DCE0F6D00D93831 /* Resources */ = {
			isa = PBXResourcesBuildPhase;
			buildActionMask = 2147483647;
			files = (
			);
			runOnlyForDeploymentPostprocessing = 0;
		};
/* End PBXResourcesBuildPhase section */

/* Begin PBXSourcesBuildPhase section */
		DFC990EC1DCE0F6D00D93831 /* Sources */ = {
			isa = PBXSourcesBuildPhase;
			buildActionMask = 2147483647;
			files = (
				DFC990F71DCE0F6D00D93831 /* ScreenSaveView.m in Sources */,
			);
			runOnlyForDeploymentPostprocessing = 0;
		};
/* End PBXSourcesBuildPhase section */

/* Begin XCBuildConfiguration section */
		DFC990F91DCE0F6D00D93831 /* Debug */ = {
			isa = XCBuildConfiguration;
			buildSettings = {
				ALWAYS_SEARCH_USER_PATHS = NO;
				CLANG_ANALYZER_NONNULL = YES;
				CLANG_CXX_LANGUAGE_STANDARD = "gnu++0x";
				CLANG_CXX_LIBRARY = "libc++";
				CLANG_ENABLE_MODULES = YES;
				CLANG_ENABLE_OBJC_ARC = YES;
				CLANG_WARN_BOOL_CONVERSION = YES;
				CLANG_WARN_CONSTANT_CONVERSION = YES;
				CLANG_WARN_DIRECT_OBJC_ISA_USAGE = YES_ERROR;
				CLANG_WARN_DOCUMENTATION_COMMENTS = YES;
				CLANG_WARN_EMPTY_BODY = YES;
				CLANG_WARN_ENUM_CONVERSION = YES;
				CLANG_WARN_INFINITE_RECURSION = YES;
				CLANG_WARN_INT_CONVERSION = YES;
				CLANG_WARN_OBJC_ROOT_CLASS = YES_ERROR;
				CLANG_WARN_SUSPICIOUS_MOVES = YES;
				CLANG_WARN_UNREACHABLE_CODE = YES;
				CLANG_WARN__DUPLICATE_METHOD_MATCH = YES;
				CODE_SIGN_IDENTITY = "-";
				COPY_PHASE_STRIP = NO;
				DEBUG_INFORMATION_FORMAT = dwarf;
				ENABLE_STRICT_OBJC_MSGSEND = YES;
				ENABLE_TESTABILITY = YES;
				GCC_C_LANGUAGE_STANDARD = gnu99;
				GCC_DYNAMIC_NO_PIC = NO;
				GCC_NO_COMMON_BLOCKS = YES;
				GCC_OPTIMIZATION_LEVEL = 0;
				GCC_PREPROCESSOR_DEFINITIONS = (
					"DEBUG=1",
					"$(inherited)",
				);
				GCC_WARN_64_TO_32_BIT_CONVERSION = YES;
				GCC_WARN_ABOUT_RETURN_TYPE = YES_ERROR;
				GCC_WARN_UNDECLARED_SELECTOR = YES;
				GCC_WARN_UNINITIALIZED_AUTOS = YES_AGGRESSIVE;
				GCC_WARN_UNUSED_FUNCTION = YES;
				GCC_WARN_UNUSED_VARIABLE = YES;
				MACOSX_DEPLOYMENT_TARGET = 10.12;
				MTL_ENABLE_DEBUG_INFO = YES;
				ONLY_ACTIVE_ARCH = YES;
				SDKROOT = macosx;
			};
			name = Debug;
		};
		DFC990FA1DCE0F6D00D93831 /* Release */ = {
			isa = XCBuildConfiguration;
			buildSettings = {
				ALWAYS_SEARCH_USER_PATHS = NO;
				CLANG_ANALYZER_NONNULL = YES;
				CLANG_CXX_LANGUAGE_STANDARD = "gnu++0x";
				CLANG_CXX_LIBRARY = "libc++";
				CLANG_ENABLE_MODULES = YES;
				CLANG_ENABLE_OBJC_ARC = YES;
				CLANG_WARN_BOOL_CONVERSION = YES;
				CLANG_WARN_CONSTANT_CONVERSION = YES;
				CLANG_WARN_DIRECT_OBJC_ISA_USAGE = YES_ERROR;
				CLANG_WARN_DOCUMENTATION_COMMENTS = YES;
				CLANG_WARN_EMPTY_BODY = YES;
				CLANG_WARN_ENUM_CONVERSION = YES;
				CLANG_WARN_INFINITE_RECURSION = YES;
				CLANG_WARN_INT_CONVERSION = YES;
				CLANG_WARN_OBJC_ROOT_CLASS = YES_ERROR;
				CLANG_WARN_SUSPICIOUS_MOVES = YES;
				CLANG_WARN_UNREACHABLE_CODE = YES;
				CLANG_WARN__DUPLICATE_METHOD_MATCH = YES;
				CODE_SIGN_IDENTITY = "-";
				COPY_PHASE_STRIP = NO;
				DEBUG_INFORMATION_FORMAT = "dwarf-with-dsym";
				ENABLE_NS_ASSERTIONS = NO;
				ENABLE_STRICT_OBJC_MSGSEND = YES;
				GCC_C_LANGUAGE_STANDARD = gnu99;
				GCC_NO_COMMON_BLOCKS = YES;
				GCC_WARN_64_TO_32_BIT_CONVERSION = YES;
				GCC_WARN_ABOUT_RETURN_TYPE = YES_ERROR;
				GCC_WARN_UNDECLARED_SELECTOR = YES;
				GCC_WARN_UNINITIALIZED_AUTOS = YES_AGGRESSIVE;
				GCC_WARN_UNUSED_FUNCTION = YES;
				GCC_WARN_UNUSED_VARIABLE = YES;
				MACOSX_DEPLOYMENT_TARGET = 10.12;
				MTL_ENABLE_DEBUG_INFO = NO;
				SDKROOT = macosx;
			};
			name = Release;
		};
		DFC990FC1DCE0F6D00D93831 /* Debug */ = {
			isa = XCBuildConfiguration;
			buildSettings = {
				COMBINE_HIDPI_IMAGES = YES;
				INFOPLIST_FILE = ScreenSave/Info.plist;
				INSTALL_PATH = "$(HOME)/Library/Screen Savers";
				PRODUCT_BUNDLE_IDENTIFIER = GBK.ScreenSave;
				PRODUCT_NAME = "$(TARGET_NAME)";
				WRAPPER_EXTENSION = saver;
			};
			name = Debug;
		};
		DFC990FD1DCE0F6D00D93831 /* Release */ = {
			isa = XCBuildConfiguration;
			buildSettings = {
				COMBINE_HIDPI_IMAGES = YES;
				INFOPLIST_FILE = ScreenSave/Info.plist;
				INSTALL_PATH = "$(HOME)/Library/Screen Savers";
				PRODUCT_BUNDLE_IDENTIFIER = GBK.ScreenSave;
				PRODUCT_NAME = "$(TARGET_NAME)";
				WRAPPER_EXTENSION = saver;
			};
			name = Release;
		};
/* End XCBuildConfiguration section */

/* Begin XCConfigurationList section */
		DFC990EB1DCE0F6D00D93831 /* Build configuration list for PBXProject "ScreenSave" */ = {
			isa = XCConfigurationList;
			buildConfigurations = (
				DFC990F91DCE0F6D00D93831 /* Debug */,
				DFC990FA1DCE0F6D00D93831 /* Release */,
			);
			defaultConfigurationIsVisible = 0;
			defaultConfigurationName = Release;
		};
		DFC990FB1DCE0F6D00D93831 /* Build configuration list for PBXNativeTarget "ScreenSave" */ = {
			isa = XCConfigurationList;
			buildConfigurations = (
				DFC990FC1DCE0F6D00D93831 /* Debug */,
				DFC990FD1DCE0F6D00D93831 /* Release */,
			);
			defaultConfigurationIsVisible = 0;
		};
/* End XCConfigurationList section */
	};
	rootObject = DFC990E81DCE0F6D00D93831 /* Project object */;
}
